{
  "name": "atom-micromanager",
  "version": "0.0.0",
  "lockfileVersion": 1,
  "requires": true,
  "dependencies": {
    "nan": {
      "version": "2.11.1",
      "resolved": "https://registry.npmjs.org/nan/-/nan-2.11.1.tgz",
      "integrity": "sha512-iji6k87OSXa0CcrLl9z+ZiYSuR2o+c0bGuNmXdrhTQTakxytAFsC56SArGYoiHlJlFoHSnvmhpceZJaXkVuOtA=="
    },
    "tree-sitter-micromanager": {
      "version": "0.0.2",
      "resolved": "https://registry.npmjs.org/tree-sitter-micromanager/-/tree-sitter-micromanager-0.0.2.tgz",
      "integrity": "sha512-DBqDk0vUyomb1ozEBed7op4DTIBI48oK1HhdDGLDs5YK+Pjd2411/pCw8s+0hkufqfu+ARZ0wXIUJhZZ3xGtqA==",
      "requires": {
        "nan": "^2.11.1"
      }
    }
  }
}
